{
  "name": "qimen-mingfa",
  "version": "1.0.2",
  "lockfileVersion": 3,
  "requires": true,
  "packages": {
    "": {
      "name": "qimen-mingfa",
      "version": "1.0.2",
      "license": "MIT",
      "dependencies": {
        "lunar-typescript": "^1.7.5"
      }
    },
    "node_modules/lunar-typescript": {
      "version": "1.7.5",
      "resolved": "https://registry.npmjs.org/lunar-typescript/-/lunar-typescript-1.7.5.tgz",
      "integrity": "sha512-AlOwYrxHRCR9Plba5TlZY0NVv6aFobmR1gxfiAE1KxjDzBXoDtT2KrsBYCVaErGokiL8qLMS1FNwGPiPRX2a4g==",
      "license": "MIT"
    }
  }
}
